// !$*UTF8*$!
{
	archiveVersion = 1;
	classes = {
	};
	objectVersion = 51;
	objects = {

/* Begin PBXBuildFile section */
		3D0894D49A6F9E6B43F2FAC3 /* Pods_Pokedex.framework in Frameworks */ = {isa = PBXBuildFile; fileRef = 487CA91AE9C4B70D56754A11 /* Pods_Pokedex.framework */; };
		BF09A55A265FAEF000FE8222 /* Service.swift in Sources */ = {isa = PBXBuildFile; fileRef = BF09A559265FAEF000FE8222 /* Service.swift */; };
		BF09A55C265FF68700FE8222 /* PokedexViewModel.swift in Sources */ = {isa = PBXBuildFile; fileRef = BF09A55B265FF68700FE8222 /* PokedexViewModel.swift */; };
		BF0F3FB82661290A0026FC4F /* StatsViewController.swift in Sources */ = {isa = PBXBuildFile; fileRef = BF0F3FB72661290A0026FC4F /* StatsViewController.swift */; };
		BF3D8C4D2660163900A9D663 /* PokemonCell.swift in Sources */ = {isa = PBXBuildFile; fileRef = BF3D8C4B2660163900A9D663 /* PokemonCell.swift */; };
		BF3D8C4E2660163900A9D663 /* PokemonCell.xib in Resources */ = {isa = PBXBuildFile; fileRef = BF3D8C4C2660163900A9D663 /* PokemonCell.xib */; };
		BF774DB02664E013003F1E52 /* PokemonStatsModel.swift in Sources */ = {isa = PBXBuildFile; fileRef = BF774DAF2664E013003F1E52 /* PokemonStatsModel.swift */; };
		BFD39DDF265E38DE00F99C32 /* AppDelegate.swift in Sources */ = {isa = PBXBuildFile; fileRef = BFD39DDE265E38DE00F99C32 /* AppDelegate.swift */; };
		BFD39DE1265E38DE00F99C32 /* SceneDelegate.swift in Sources */ = {isa = PBXBuildFile; fileRef = BFD39DE0265E38DE00F99C32 /* SceneDelegate.swift */; };
		BFD39DE3265E38DE00F99C32 /* PokedexViewController.swift in Sources */ = {isa = PBXBuildFile; fileRef = BFD39DE2265E38DE00F99C32 /* PokedexViewController.swift */; };
		BFD39DE6265E38DE00F99C32 /* Main.storyboard in Resources */ = {isa = PBXBuildFile; fileRef = BFD39DE4265E38DE00F99C32 /* Main.storyboard */; };
		BFD39DE8265E38DF00F99C32 /* Assets.xcassets in Resources */ = {isa = PBXBuildFile; fileRef = BFD39DE7265E38DF00F99C32 /* Assets.xcassets */; };
		BFD39DEB265E38DF00F99C32 /* LaunchScreen.storyboard in Resources */ = {isa = PBXBuildFile; fileRef = BFD39DE9265E38DF00F99C32 /* LaunchScreen.storyboard */; };
		BFD39DF8265F130A00F99C32 /* PokemonModel.swift in Sources */ = {isa = PBXBuildFile; fileRef = BFD39DF7265F130A00F99C32 /* PokemonModel.swift */; };
		BFD39DFA265F132400F99C32 /* PokemonStats.swift in Sources */ = {isa = PBXBuildFile; fileRef = BFD39DF9265F132400F99C32 /* PokemonStats.swift */; };
/* End PBXBuildFile section */

/* Begin PBXFileReference section */
		1EAD13DB34FB014CBA7F7D01 /* Pods-Pokedex.release.xcconfig */ = {isa = PBXFileReference; includeInIndex = 1; lastKnownFileType = text.xcconfig; name = "Pods-Pokedex.release.xcconfig"; path = "Target Support Files/Pods-Pokedex/Pods-Pokedex.release.xcconfig"; sourceTree = "<group>"; };
		487CA91AE9C4B70D56754A11 /* Pods_Pokedex.framework */ = {isa = PBXFileReference; explicitFileType = wrapper.framework; includeInIndex = 0; path = Pods_Pokedex.framework; sourceTree = BUILT_PRODUCTS_DIR; };
		860276A672C6F876180F8A88 /* Pods-Pokedex.debug.xcconfig */ = {isa = PBXFileReference; includeInIndex = 1; lastKnownFileType = text.xcconfig; name = "Pods-Pokedex.debug.xcconfig"; path = "Target Support Files/Pods-Pokedex/Pods-Pokedex.debug.xcconfig"; sourceTree = "<group>"; };
		BF09A559265FAEF000FE8222 /* Service.swift */ = {isa = PBXFileReference; lastKnownFileType = sourcecode.swift; path = Service.swift; sourceTree = "<group>"; };
		BF09A55B265FF68700FE8222 /* PokedexViewModel.swift */ = {isa = PBXFileReference; lastKnownFileType = sourcecode.swift; path = PokedexViewModel.swift; sourceTree = "<group>"; };
		BF0F3FB72661290A0026FC4F /* StatsViewController.swift */ = {isa = PBXFileReference; lastKnownFileType = sourcecode.swift; path = StatsViewController.swift; sourceTree = "<group>"; };
		BF3D8C4B2660163900A9D663 /* PokemonCell.swift */ = {isa = PBXFileReference; lastKnownFileType = sourcecode.swift; path = PokemonCell.swift; sourceTree = "<group>"; };
		BF3D8C4C2660163900A9D663 /* PokemonCell.xib */ = {isa = PBXFileReference; lastKnownFileType = file.xib; path = PokemonCell.xib; sourceTree = "<group>"; };
		BF774DAF2664E013003F1E52 /* PokemonStatsModel.swift */ = {isa = PBXFileReference; lastKnownFileType = sourcecode.swift; path = PokemonStatsModel.swift; sourceTree = "<group>"; };
		BFD39DDB265E38DE00F99C32 /* Pokedex.app */ = {isa = PBXFileReference; explicitFileType = wrapper.application; includeInIndex = 0; path = Pokedex.app; sourceTree = BUILT_PRODUCTS_DIR; };
		BFD39DDE265E38DE00F99C32 /* AppDelegate.swift */ = {isa = PBXFileReference; lastKnownFileType = sourcecode.swift; path = AppDelegate.swift; sourceTree = "<group>"; };
		BFD39DE0265E38DE00F99C32 /* SceneDelegate.swift */ = {isa = PBXFileReference; lastKnownFileType = sourcecode.swift; path = SceneDelegate.swift; sourceTree = "<group>"; };
		BFD39DE2265E38DE00F99C32 /* PokedexViewController.swift */ = {isa = PBXFileReference; lastKnownFileType = sourcecode.swift; path = PokedexViewController.swift; sourceTree = "<group>"; };
		BFD39DE5265E38DE00F99C32 /* Base */ = {isa = PBXFileReference; lastKnownFileType = file.storyboard; name = Base; path = Base.lproj/Main.storyboard; sourceTree = "<group>"; };
		BFD39DE7265E38DF00F99C32 /* Assets.xcassets */ = {isa = PBXFileReference; lastKnownFileType = folder.assetcatalog; path = Assets.xcassets; sourceTree = "<group>"; };
		BFD39DEA265E38DF00F99C32 /* Base */ = {isa = PBXFileReference; lastKnownFileType = file.storyboard; name = Base; path = Base.lproj/LaunchScreen.storyboard; sourceTree = "<group>"; };
		BFD39DEC265E38DF00F99C32 /* Info.plist */ = {isa = PBXFileReference; lastKnownFileType = text.plist.xml; path = Info.plist; sourceTree = "<group>"; };
		BFD39DF7265F130A00F99C32 /* PokemonModel.swift */ = {isa = PBXFileReference; lastKnownFileType = sourcecode.swift; path = PokemonModel.swift; sourceTree = "<group>"; };
		BFD39DF9265F132400F99C32 /* PokemonStats.swift */ = {isa = PBXFileReference; lastKnownFileType = sourcecode.swift; path = PokemonStats.swift; sourceTree = "<group>"; };
/* End PBXFileReference section */

/* Begin PBXFrameworksBuildPhase section */
		BFD39DD8265E38DE00F99C32 /* Frameworks */ = {
			isa = PBXFrameworksBuildPhase;
			buildActionMask = 2147483647;
			files = (
				3D0894D49A6F9E6B43F2FAC3 /* Pods_Pokedex.framework in Frameworks */,
			);
			runOnlyForDeploymentPostprocessing = 0;
		};
/* End PBXFrameworksBuildPhase section */

/* Begin PBXGroup section */
		5854D8507F8BC8910EF17E51 /* Pods */ = {
			isa = PBXGroup;
			children = (
				860276A672C6F876180F8A88 /* Pods-Pokedex.debug.xcconfig */,
				1EAD13DB34FB014CBA7F7D01 /* Pods-Pokedex.release.xcconfig */,
			);
			path = Pods;
			sourceTree = "<group>";
		};
		B392BD352C510EA888E53D81 /* Frameworks */ = {
			isa = PBXGroup;
			children = (
				487CA91AE9C4B70D56754A11 /* Pods_Pokedex.framework */,
			);
			name = Frameworks;
			sourceTree = "<group>";
		};
		BFD39DD2265E38DE00F99C32 = {
			isa = PBXGroup;
			children = (
				BFD39DDD265E38DE00F99C32 /* Pokedex */,
				BFD39DDC265E38DE00F99C32 /* Products */,
				5854D8507F8BC8910EF17E51 /* Pods */,
				B392BD352C510EA888E53D81 /* Frameworks */,
			);
			sourceTree = "<group>";
		};
		BFD39DDC265E38DE00F99C32 /* Products */ = {
			isa = PBXGroup;
			children = (
				BFD39DDB265E38DE00F99C32 /* Pokedex.app */,
			);
			name = Products;
			sourceTree = "<group>";
		};
		BFD39DDD265E38DE00F99C32 /* Pokedex */ = {
			isa = PBXGroup;
			children = (
				BFD39DF2265EC71300F99C32 /* Model */,
				BFD39DF3265EC71B00F99C32 /* View */,
				BFD39DF4265EC72300F99C32 /* ViewModel */,
				BFD39DFB265F135100F99C32 /* Service */,
				BFD39DDE265E38DE00F99C32 /* AppDelegate.swift */,
				BFD39DE0265E38DE00F99C32 /* SceneDelegate.swift */,
				BFD39DE7265E38DF00F99C32 /* Assets.xcassets */,
				BFD39DE9265E38DF00F99C32 /* LaunchScreen.storyboard */,
				BFD39DEC265E38DF00F99C32 /* Info.plist */,
			);
			path = Pokedex;
			sourceTree = "<group>";
		};
		BFD39DF2265EC71300F99C32 /* Model */ = {
			isa = PBXGroup;
			children = (
				BFD39DF7265F130A00F99C32 /* PokemonModel.swift */,
				BFD39DF9265F132400F99C32 /* PokemonStats.swift */,
				BF774DAF2664E013003F1E52 /* PokemonStatsModel.swift */,
			);
			path = Model;
			sourceTree = "<group>";
		};
		BFD39DF3265EC71B00F99C32 /* View */ = {
			isa = PBXGroup;
			children = (
				BFD39DF5265EC72D00F99C32 /* View */,
				BFD39DF6265EC73600F99C32 /* Controller */,
			);
			path = View;
			sourceTree = "<group>";
		};
		BFD39DF4265EC72300F99C32 /* ViewModel */ = {
			isa = PBXGroup;
			children = (
				BF09A55B265FF68700FE8222 /* PokedexViewModel.swift */,
			);
			path = ViewModel;
			sourceTree = "<group>";
		};
		BFD39DF5265EC72D00F99C32 /* View */ = {
			isa = PBXGroup;
			children = (
				BFD39DE4265E38DE00F99C32 /* Main.storyboard */,
				BF3D8C4B2660163900A9D663 /* PokemonCell.swift */,
				BF3D8C4C2660163900A9D663 /* PokemonCell.xib */,
			);
			path = View;
			sourceTree = "<group>";
		};
		BFD39DF6265EC73600F99C32 /* Controller */ = {
			isa = PBXGroup;
			children = (
				BFD39DE2265E38DE00F99C32 /* PokedexViewController.swift */,
				BF0F3FB72661290A0026FC4F /* StatsViewController.swift */,
			);
			path = Controller;
			sourceTree = "<group>";
		};
		BFD39DFB265F135100F99C32 /* Service */ = {
			isa = PBXGroup;
			children = (
				BF09A559265FAEF000FE8222 /* Service.swift */,
			);
			path = Service;
			sourceTree = "<group>";
		};
/* End PBXGroup section */

/* Begin PBXNativeTarget section */
		BFD39DDA265E38DE00F99C32 /* Pokedex */ = {
			isa = PBXNativeTarget;
			buildConfigurationList = BFD39DEF265E38DF00F99C32 /* Build configuration list for PBXNativeTarget "Pokedex" */;
			buildPhases = (
				5803BA4561B81C22FECBF99D /* [CP] Check Pods Manifest.lock */,
				BFD39DD7265E38DE00F99C32 /* Sources */,
				BFD39DD8265E38DE00F99C32 /* Frameworks */,
				BFD39DD9265E38DE00F99C32 /* Resources */,
				6C8867671ED340FC1F3BE5B1 /* [CP] Embed Pods Frameworks */,
			);
			buildRules = (
			);
			dependencies = (
			);
			name = Pokedex;
			productName = Pokedex;
			productReference = BFD39DDB265E38DE00F99C32 /* Pokedex.app */;
			productType = "com.apple.product-type.application";
		};
/* End PBXNativeTarget section */

/* Begin PBXProject section */
		BFD39DD3265E38DE00F99C32 /* Project object */ = {
			isa = PBXProject;
			attributes = {
				LastSwiftUpdateCheck = 1250;
				LastUpgradeCheck = 1250;
				TargetAttributes = {
					BFD39DDA265E38DE00F99C32 = {
						CreatedOnToolsVersion = 12.5;
					};
				};
			};
			buildConfigurationList = BFD39DD6265E38DE00F99C32 /* Build configuration list for PBXProject "Pokedex" */;
			compatibilityVersion = "Xcode 9.3";
			developmentRegion = en;
			hasScannedForEncodings = 0;
			knownRegions = (
				en,
				Base,
			);
			mainGroup = BFD39DD2265E38DE00F99C32;
			productRefGroup = BFD39DDC265E38DE00F99C32 /* Products */;
			projectDirPath = "";
			projectRoot = "";
			targets = (
				BFD39DDA265E38DE00F99C32 /* Pokedex */,
			);
		};
/* End PBXProject section */

/* Begin PBXResourcesBuildPhase section */
		BFD39DD9265E38DE00F99C32 /* Resources */ = {
			isa = PBXResourcesBuildPhase;
			buildActionMask = 2147483647;
			files = (
				BFD39DEB265E38DF00F99C32 /* LaunchScreen.storyboard in Resources */,
				BF3D8C4E2660163900A9D663 /* PokemonCell.xib in Resources */,
				BFD39DE8265E38DF00F99C32 /* Assets.xcassets in Resources */,
				BFD39DE6265E38DE00F99C32 /* Main.storyboard in Resources */,
			);
			runOnlyForDeploymentPostprocessing = 0;
		};
/* End PBXResourcesBuildPhase section */

/* Begin PBXShellScriptBuildPhase section */
		5803BA4561B81C22FECBF99D /* [CP] Check Pods Manifest.lock */ = {
			isa = PBXShellScriptBuildPhase;
			buildActionMask = 2147483647;
			files = (
			);
			inputFileListPaths = (
			);
			inputPaths = (
				"${PODS_PODFILE_DIR_PATH}/Podfile.lock",
				"${PODS_ROOT}/Manifest.lock",
			);
			name = "[CP] Check Pods Manifest.lock";
			outputFileListPaths = (
			);
			outputPaths = (
				"$(DERIVED_FILE_DIR)/Pods-Pokedex-checkManifestLockResult.txt",
			);
			runOnlyForDeploymentPostprocessing = 0;
			shellPath = /bin/sh;
			shellScript = "diff \"${PODS_PODFILE_DIR_PATH}/Podfile.lock\" \"${PODS_ROOT}/Manifest.lock\" > /dev/null\nif [ $? != 0 ] ; then\n    # print error to STDERR\n    echo \"error: The sandbox is not in sync with the Podfile.lock. Run 'pod install' or update your CocoaPods installation.\" >&2\n    exit 1\nfi\n# This output is used by Xcode 'outputs' to avoid re-running this script phase.\necho \"SUCCESS\" > \"${SCRIPT_OUTPUT_FILE_0}\"\n";
			showEnvVarsInLog = 0;
		};
		6C8867671ED340FC1F3BE5B1 /* [CP] Embed Pods Frameworks */ = {
			isa = PBXShellScriptBuildPhase;
			buildActionMask = 2147483647;
			files = (
			);
			inputFileListPaths = (
				"${PODS_ROOT}/Target Support Files/Pods-Pokedex/Pods-Pokedex-frameworks-${CONFIGURATION}-input-files.xcfilelist",
			);
			name = "[CP] Embed Pods Frameworks";
			outputFileListPaths = (
				"${PODS_ROOT}/Target Support Files/Pods-Pokedex/Pods-Pokedex-frameworks-${CONFIGURATION}-output-files.xcfilelist",
			);
			runOnlyForDeploymentPostprocessing = 0;
			shellPath = /bin/sh;
			shellScript = "\"${PODS_ROOT}/Target Support Files/Pods-Pokedex/Pods-Pokedex-frameworks.sh\"\n";
			showEnvVarsInLog = 0;
		};
/* End PBXShellScriptBuildPhase section */

/* Begin PBXSourcesBuildPhase section */
		BFD39DD7265E38DE00F99C32 /* Sources */ = {
			isa = PBXSourcesBuildPhase;
			buildActionMask = 2147483647;
			files = (
				BFD39DE3265E38DE00F99C32 /* PokedexViewController.swift in Sources */,
				BFD39DDF265E38DE00F99C32 /* AppDelegate.swift in Sources */,
				BFD39DE1265E38DE00F99C32 /* SceneDelegate.swift in Sources */,
				BFD39DF8265F130A00F99C32 /* PokemonModel.swift in Sources */,
				BFD39DFA265F132400F99C32 /* PokemonStats.swift in Sources */,
				BF774DB02664E013003F1E52 /* PokemonStatsModel.swift in Sources */,
				BF3D8C4D2660163900A9D663 /* PokemonCell.swift in Sources */,
				BF09A55A265FAEF000FE8222 /* Service.swift in Sources */,
				BF0F3FB82661290A0026FC4F /* StatsViewController.swift in Sources */,
				BF09A55C265FF68700FE8222 /* PokedexViewModel.swift in Sources */,
			);
			runOnlyForDeploymentPostprocessing = 0;
		};
/* End PBXSourcesBuildPhase section */

/* Begin PBXVariantGroup section */
		BFD39DE4265E38DE00F99C32 /* Main.storyboard */ = {
			isa = PBXVariantGroup;
			children = (
				BFD39DE5265E38DE00F99C32 /* Base */,
			);
			name = Main.storyboard;
			sourceTree = "<group>";
		};
		BFD39DE9265E38DF00F99C32 /* LaunchScreen.storyboard */ = {
			isa = PBXVariantGroup;
			children = (
				BFD39DEA265E38DF00F99C32 /* Base */,
			);
			name = LaunchScreen.storyboard;
			sourceTree = "<group>";
		};
/* End PBXVariantGroup section */

/* Begin XCBuildConfiguration section */
		BFD39DED265E38DF00F99C32 /* Debug */ = {
			isa = XCBuildConfiguration;
			buildSettings = {
				ALWAYS_SEARCH_USER_PATHS = NO;
				CLANG_ANALYZER_NONNULL = YES;
				CLANG_ANALYZER_NUMBER_OBJECT_CONVERSION = YES_AGGRESSIVE;
				CLANG_CXX_LANGUAGE_STANDARD = "gnu++14";
				CLANG_CXX_LIBRARY = "libc++";
				CLANG_ENABLE_MODULES = YES;
				CLANG_ENABLE_OBJC_ARC = YES;
				CLANG_ENABLE_OBJC_WEAK = YES;
				CLANG_WARN_BLOCK_CAPTURE_AUTORELEASING = YES;
				CLANG_WARN_BOOL_CONVERSION = YES;
				CLANG_WARN_COMMA = YES;
				CLANG_WARN_CONSTANT_CONVERSION = YES;
				CLANG_WARN_DEPRECATED_OBJC_IMPLEMENTATIONS = YES;
				CLANG_WARN_DIRECT_OBJC_ISA_USAGE = YES_ERROR;
				CLANG_WARN_DOCUMENTATION_COMMENTS = YES;
				CLANG_WARN_EMPTY_BODY = YES;
				CLANG_WARN_ENUM_CONVERSION = YES;
				CLANG_WARN_INFINITE_RECURSION = YES;
				CLANG_WARN_INT_CONVERSION = YES;
				CLANG_WARN_NON_LITERAL_NULL_CONVERSION = YES;
				CLANG_WARN_OBJC_IMPLICIT_RETAIN_SELF = YES;
				CLANG_WARN_OBJC_LITERAL_CONVERSION = YES;
				CLANG_WARN_OBJC_ROOT_CLASS = YES_ERROR;
				CLANG_WARN_QUOTED_INCLUDE_IN_FRAMEWORK_HEADER = YES;
				CLANG_WARN_RANGE_LOOP_ANALYSIS = YES;
				CLANG_WARN_STRICT_PROTOTYPES = YES;
				CLANG_WARN_SUSPICIOUS_MOVE = YES;
				CLANG_WARN_UNGUARDED_AVAILABILITY = YES_AGGRESSIVE;
				CLANG_WARN_UNREACHABLE_CODE = YES;
				CLANG_WARN__DUPLICATE_METHOD_MATCH = YES;
				COPY_PHASE_STRIP = NO;
				DEBUG_INFORMATION_FORMAT = dwarf;
				ENABLE_STRICT_OBJC_MSGSEND = YES;
				ENABLE_TESTABILITY = YES;
				GCC_C_LANGUAGE_STANDARD = gnu11;
				GCC_DYNAMIC_NO_PIC = NO;
				GCC_NO_COMMON_BLOCKS = YES;
				GCC_OPTIMIZATION_LEVEL = 0;
				GCC_PREPROCESSOR_DEFINITIONS = (
					"DEBUG=1",
					"$(inherited)",
				);
				GCC_WARN_64_TO_32_BIT_CONVERSION = YES;
				GCC_WARN_ABOUT_RETURN_TYPE = YES_ERROR;
				GCC_WARN_UNDECLARED_SELECTOR = YES;
				GCC_WARN_UNINITIALIZED_AUTOS = YES_AGGRESSIVE;
				GCC_WARN_UNUSED_FUNCTION = YES;
				GCC_WARN_UNUSED_VARIABLE = YES;
				IPHONEOS_DEPLOYMENT_TARGET = 14.5;
				MTL_ENABLE_DEBUG_INFO = INCLUDE_SOURCE;
				MTL_FAST_MATH = YES;
				ONLY_ACTIVE_ARCH = YES;
				SDKROOT = iphoneos;
				SWIFT_ACTIVE_COMPILATION_CONDITIONS = DEBUG;
				SWIFT_OPTIMIZATION_LEVEL = "-Onone";
			};
			name = Debug;
		};
		BFD39DEE265E38DF00F99C32 /* Release */ = {
			isa = XCBuildConfiguration;
			buildSettings = {
				ALWAYS_SEARCH_USER_PATHS = NO;
				CLANG_ANALYZER_NONNULL = YES;
				CLANG_ANALYZER_NUMBER_OBJECT_CONVERSION = YES_AGGRESSIVE;
				CLANG_CXX_LANGUAGE_STANDARD = "gnu++14";
				CLANG_CXX_LIBRARY = "libc++";
				CLANG_ENABLE_MODULES = YES;
				CLANG_ENABLE_OBJC_ARC = YES;
				CLANG_ENABLE_OBJC_WEAK = YES;
				CLANG_WARN_BLOCK_CAPTURE_AUTORELEASING = YES;
				CLANG_WARN_BOOL_CONVERSION = YES;
				CLANG_WARN_COMMA = YES;
				CLANG_WARN_CONSTANT_CONVERSION = YES;
				CLANG_WARN_DEPRECATED_OBJC_IMPLEMENTATIONS = YES;
				CLANG_WARN_DIRECT_OBJC_ISA_USAGE = YES_ERROR;
				CLANG_WARN_DOCUMENTATION_COMMENTS = YES;
				CLANG_WARN_EMPTY_BODY = YES;
				CLANG_WARN_ENUM_CONVERSION = YES;
				CLANG_WARN_INFINITE_RECURSION = YES;
				CLANG_WARN_INT_CONVERSION = YES;
				CLANG_WARN_NON_LITERAL_NULL_CONVERSION = YES;
				CLANG_WARN_OBJC_IMPLICIT_RETAIN_SELF = YES;
				CLANG_WARN_OBJC_LITERAL_CONVERSION = YES;
				CLANG_WARN_OBJC_ROOT_CLASS = YES_ERROR;
				CLANG_WARN_QUOTED_INCLUDE_IN_FRAMEWORK_HEADER = YES;
				CLANG_WARN_RANGE_LOOP_ANALYSIS = YES;
				CLANG_WARN_STRICT_PROTOTYPES = YES;
				CLANG_WARN_SUSPICIOUS_MOVE = YES;
				CLANG_WARN_UNGUARDED_AVAILABILITY = YES_AGGRESSIVE;
				CLANG_WARN_UNREACHABLE_CODE = YES;
				CLANG_WARN__DUPLICATE_METHOD_MATCH = YES;
				COPY_PHASE_STRIP = NO;
				DEBUG_INFORMATION_FORMAT = "dwarf-with-dsym";
				ENABLE_NS_ASSERTIONS = NO;
				ENABLE_STRICT_OBJC_MSGSEND = YES;
				GCC_C_LANGUAGE_STANDARD = gnu11;
				GCC_NO_COMMON_BLOCKS = YES;
				GCC_WARN_64_TO_32_BIT_CONVERSION = YES;
				GCC_WARN_ABOUT_RETURN_TYPE = YES_ERROR;
				GCC_WARN_UNDECLARED_SELECTOR = YES;
				GCC_WARN_UNINITIALIZED_AUTOS = YES_AGGRESSIVE;
				GCC_WARN_UNUSED_FUNCTION = YES;
				GCC_WARN_UNUSED_VARIABLE = YES;
				IPHONEOS_DEPLOYMENT_TARGET = 14.5;
				MTL_ENABLE_DEBUG_INFO = NO;
				MTL_FAST_MATH = YES;
				SDKROOT = iphoneos;
				SWIFT_COMPILATION_MODE = wholemodule;
				SWIFT_OPTIMIZATION_LEVEL = "-O";
				VALIDATE_PRODUCT = YES;
			};
			name = Release;
		};
		BFD39DF0265E38DF00F99C32 /* Debug */ = {
			isa = XCBuildConfiguration;
			baseConfigurationReference = 860276A672C6F876180F8A88 /* Pods-Pokedex.debug.xcconfig */;
			buildSettings = {
				ASSETCATALOG_COMPILER_APPICON_NAME = AppIcon;
				ASSETCATALOG_COMPILER_GLOBAL_ACCENT_COLOR_NAME = AccentColor;
				CODE_SIGN_STYLE = Automatic;
				DEVELOPMENT_TEAM = 7T54WZ2884;
				INFOPLIST_FILE = Pokedex/Info.plist;
				LD_RUNPATH_SEARCH_PATHS = (
					"$(inherited)",
					"@executable_path/Frameworks",
				);
				PRODUCT_BUNDLE_IDENTIFIER = com.hasanaygunoglu.Pokedex;
				PRODUCT_NAME = "$(TARGET_NAME)";
				SWIFT_VERSION = 5.0;
				TARGETED_DEVICE_FAMILY = "1,2";
			};
			name = Debug;
		};
		BFD39DF1265E38DF00F99C32 /* Release */ = {
			isa = XCBuildConfiguration;
			baseConfigurationReference = 1EAD13DB34FB014CBA7F7D01 /* Pods-Pokedex.release.xcconfig */;
			buildSettings = {
				ASSETCATALOG_COMPILER_APPICON_NAME = AppIcon;
				ASSETCATALOG_COMPILER_GLOBAL_ACCENT_COLOR_NAME = AccentColor;
				CODE_SIGN_STYLE = Automatic;
				DEVELOPMENT_TEAM = 7T54WZ2884;
				INFOPLIST_FILE = Pokedex/Info.plist;
				LD_RUNPATH_SEARCH_PATHS = (
					"$(inherited)",
					"@executable_path/Frameworks",
				);
				PRODUCT_BUNDLE_IDENTIFIER = com.hasanaygunoglu.Pokedex;
				PRODUCT_NAME = "$(TARGET_NAME)";
				SWIFT_VERSION = 5.0;
				TARGETED_DEVICE_FAMILY = "1,2";
			};
			name = Release;
		};
/* End XCBuildConfiguration section */

/* Begin XCConfigurationList section */
		BFD39DD6265E38DE00F99C32 /* Build configuration list for PBXProject "Pokedex" */ = {
			isa = XCConfigurationList;
			buildConfigurations = (
				BFD39DED265E38DF00F99C32 /* Debug */,
				BFD39DEE265E38DF00F99C32 /* Release */,
			);
			defaultConfigurationIsVisible = 0;
			defaultConfigurationName = Release;
		};
		BFD39DEF265E38DF00F99C32 /* Build configuration list for PBXNativeTarget "Pokedex" */ = {
			isa = XCConfigurationList;
			buildConfigurations = (
				BFD39DF0265E38DF00F99C32 /* Debug */,
				BFD39DF1265E38DF00F99C32 /* Release */,
			);
			defaultConfigurationIsVisible = 0;
			defaultConfigurationName = Release;
		};
/* End XCConfigurationList section */
	};
	rootObject = BFD39DD3265E38DE00F99C32 /* Project object */;
}
